
Microsoft Visual Studio Solution File, Format Version 12.00
Project("{FAE04EC0-301F-11D3-BF4B-00C04F79EFBC}") = "webApi", "webApi\webApi.csproj", "{B06CB160-E64E-4ACD-AEB0-9B7C5E274A14}"
EndProject
Project("{2150E333-8FDC-42A3-9474-1A3956D46DE8}") = "BaseLibary", "BaseLibary", "{DC81934F-375E-4A67-A606-061DAF67E38B}"
EndProject
Project("{FAE04EC0-301F-11D3-BF4B-00C04F79EFBC}") = "Cola.Cache", "..\..\..\Cola\Cola.Cache\Cola.Cache.csproj", "{84630C61-3B92-48BD-871F-83ED7529407E}"
EndProject
Project("{FAE04EC0-301F-11D3-BF4B-00C04F79EFBC}") = "Cola.Console", "..\..\..\Cola\Cola.Console\Cola.Console.csproj", "{BF373D19-13E5-4CD4-A7C5-EAB79C73B305}"
EndProject
Project("{FAE04EC0-301F-11D3-BF4B-00C04F79EFBC}") = "Cola.EF", "..\..\..\Cola\Cola.EF\Cola.EF.csproj", "{9B09772B-E689-4751-9EF8-2533646FDEC0}"
EndProject
Project("{FAE04EC0-301F-11D3-BF4B-00C04F79EFBC}") = "Cola.Exception", "..\..\..\Cola\Cola.Exception\Cola.Exception.csproj", "{2D82055B-B0C2-4AB2-905C-0C19CA0C38AC}"
EndProject
Project("{FAE04EC0-301F-11D3-BF4B-00C04F79EFBC}") = "Cola.Log", "..\..\..\Cola\Cola.Log\Cola.Log.csproj", "{F58209DC-DC51-4321-A509-CD650322AE3B}"
EndProject
Project("{FAE04EC0-301F-11D3-BF4B-00C04F79EFBC}") = "Cola.Middlewares", "..\..\..\Cola\Cola.Middlewares\Cola.Middlewares.csproj", "{75DA5C6C-BC0A-4F94-B35B-48750834A4E1}"
EndProject
Project("{FAE04EC0-301F-11D3-BF4B-00C04F79EFBC}") = "Cola.Models.Core", "..\..\..\Cola\Cola.Models.Core\Cola.Models.Core.csproj", "{4FA02EE0-6EAE-4965-983D-C4A4C8D8BCF4}"
EndProject
Project("{FAE04EC0-301F-11D3-BF4B-00C04F79EFBC}") = "Cola.NoSql", "..\..\..\Cola\Cola.NoSql\Cola.NoSql.csproj", "{61435212-5796-4F0F-8C0B-39A4BC9CA7BB}"
EndProject
Project("{FAE04EC0-301F-11D3-BF4B-00C04F79EFBC}") = "Cola.SnowFlake", "..\..\..\Cola\Cola.SnowFlake\Cola.SnowFlake.csproj", "{2AE4CD64-1B35-431D-ACE4-9CAB8B153F73}"
EndProject
Project("{FAE04EC0-301F-11D3-BF4B-00C04F79EFBC}") = "Cola.Utils", "..\..\..\Cola\Cola.Utils\Cola.Utils.csproj", "{18CE5E03-8636-40AE-9EBC-22F330E69025}"
EndProject
Project("{FAE04EC0-301F-11D3-BF4B-00C04F79EFBC}") = "Cola.WebApi", "..\..\..\Cola\Cola.WebApi\Cola.WebApi.csproj", "{BFAA1406-8467-4660-9AD9-A9A74D1B4F91}"
EndProject
Project("{FAE04EC0-301F-11D3-BF4B-00C04F79EFBC}") = "Cola.Swagger", "..\..\..\Cola\Cola.Swagger\Cola.Swagger.csproj", "{F77AFB65-6CF2-46E1-9445-8323AACA55A0}"
EndProject
Global
	GlobalSection(SolutionConfigurationPlatforms) = preSolution
		Debug|Any CPU = Debug|Any CPU
		Release|Any CPU = Release|Any CPU
	EndGlobalSection
	GlobalSection(ProjectConfigurationPlatforms) = postSolution
		{B06CB160-E64E-4ACD-AEB0-9B7C5E274A14}.Debug|Any CPU.ActiveCfg = Debug|Any CPU
		{B06CB160-E64E-4ACD-AEB0-9B7C5E274A14}.Debug|Any CPU.Build.0 = Debug|Any CPU
		{B06CB160-E64E-4ACD-AEB0-9B7C5E274A14}.Release|Any CPU.ActiveCfg = Release|Any CPU
		{B06CB160-E64E-4ACD-AEB0-9B7C5E274A14}.Release|Any CPU.Build.0 = Release|Any CPU
		{84630C61-3B92-48BD-871F-83ED7529407E}.Debug|Any CPU.ActiveCfg = Debug|Any CPU
		{84630C61-3B92-48BD-871F-83ED7529407E}.Debug|Any CPU.Build.0 = Debug|Any CPU
		{84630C61-3B92-48BD-871F-83ED7529407E}.Release|Any CPU.ActiveCfg = Release|Any CPU
		{84630C61-3B92-48BD-871F-83ED7529407E}.Release|Any CPU.Build.0 = Release|Any CPU
		{BF373D19-13E5-4CD4-A7C5-EAB79C73B305}.Debug|Any CPU.ActiveCfg = Debug|Any CPU
		{BF373D19-13E5-4CD4-A7C5-EAB79C73B305}.Debug|Any CPU.Build.0 = Debug|Any CPU
		{BF373D19-13E5-4CD4-A7C5-EAB79C73B305}.Release|Any CPU.ActiveCfg = Release|Any CPU
		{BF373D19-13E5-4CD4-A7C5-EAB79C73B305}.Release|Any CPU.Build.0 = Release|Any CPU
		{9B09772B-E689-4751-9EF8-2533646FDEC0}.Debug|Any CPU.ActiveCfg = Debug|Any CPU
		{9B09772B-E689-4751-9EF8-2533646FDEC0}.Debug|Any CPU.Build.0 = Debug|Any CPU
		{9B09772B-E689-4751-9EF8-2533646FDEC0}.Release|Any CPU.ActiveCfg = Release|Any CPU
		{9B09772B-E689-4751-9EF8-2533646FDEC0}.Release|Any CPU.Build.0 = Release|Any CPU
		{2D82055B-B0C2-4AB2-905C-0C19CA0C38AC}.Debug|Any CPU.ActiveCfg = Debug|Any CPU
		{2D82055B-B0C2-4AB2-905C-0C19CA0C38AC}.Debug|Any CPU.Build.0 = Debug|Any CPU
		{2D82055B-B0C2-4AB2-905C-0C19CA0C38AC}.Release|Any CPU.ActiveCfg = Release|Any CPU
		{2D82055B-B0C2-4AB2-905C-0C19CA0C38AC}.Release|Any CPU.Build.0 = Release|Any CPU
		{F58209DC-DC51-4321-A509-CD650322AE3B}.Debug|Any CPU.ActiveCfg = Debug|Any CPU
		{F58209DC-DC51-4321-A509-CD650322AE3B}.Debug|Any CPU.Build.0 = Debug|Any CPU
		{F58209DC-DC51-4321-A509-CD650322AE3B}.Release|Any CPU.ActiveCfg = Release|Any CPU
		{F58209DC-DC51-4321-A509-CD650322AE3B}.Release|Any CPU.Build.0 = Release|Any CPU
		{75DA5C6C-BC0A-4F94-B35B-48750834A4E1}.Debug|Any CPU.ActiveCfg = Debug|Any CPU
		{75DA5C6C-BC0A-4F94-B35B-48750834A4E1}.Debug|Any CPU.Build.0 = Debug|Any CPU
		{75DA5C6C-BC0A-4F94-B35B-48750834A4E1}.Release|Any CPU.ActiveCfg = Release|Any CPU
		{75DA5C6C-BC0A-4F94-B35B-48750834A4E1}.Release|Any CPU.Build.0 = Release|Any CPU
		{4FA02EE0-6EAE-4965-983D-C4A4C8D8BCF4}.Debug|Any CPU.ActiveCfg = Debug|Any CPU
		{4FA02EE0-6EAE-4965-983D-C4A4C8D8BCF4}.Debug|Any CPU.Build.0 = Debug|Any CPU
		{4FA02EE0-6EAE-4965-983D-C4A4C8D8BCF4}.Release|Any CPU.ActiveCfg = Release|Any CPU
		{4FA02EE0-6EAE-4965-983D-C4A4C8D8BCF4}.Release|Any CPU.Build.0 = Release|Any CPU
		{61435212-5796-4F0F-8C0B-39A4BC9CA7BB}.Debug|Any CPU.ActiveCfg = Debug|Any CPU
		{61435212-5796-4F0F-8C0B-39A4BC9CA7BB}.Debug|Any CPU.Build.0 = Debug|Any CPU
		{61435212-5796-4F0F-8C0B-39A4BC9CA7BB}.Release|Any CPU.ActiveCfg = Release|Any CPU
		{61435212-5796-4F0F-8C0B-39A4BC9CA7BB}.Release|Any CPU.Build.0 = Release|Any CPU
		{2AE4CD64-1B35-431D-ACE4-9CAB8B153F73}.Debug|Any CPU.ActiveCfg = Debug|Any CPU
		{2AE4CD64-1B35-431D-ACE4-9CAB8B153F73}.Debug|Any CPU.Build.0 = Debug|Any CPU
		{2AE4CD64-1B35-431D-ACE4-9CAB8B153F73}.Release|Any CPU.ActiveCfg = Release|Any CPU
		{2AE4CD64-1B35-431D-ACE4-9CAB8B153F73}.Release|Any CPU.Build.0 = Release|Any CPU
		{18CE5E03-8636-40AE-9EBC-22F330E69025}.Debug|Any CPU.ActiveCfg = Debug|Any CPU
		{18CE5E03-8636-40AE-9EBC-22F330E69025}.Debug|Any CPU.Build.0 = Debug|Any CPU
		{18CE5E03-8636-40AE-9EBC-22F330E69025}.Release|Any CPU.ActiveCfg = Release|Any CPU
		{18CE5E03-8636-40AE-9EBC-22F330E69025}.Release|Any CPU.Build.0 = Release|Any CPU
		{BFAA1406-8467-4660-9AD9-A9A74D1B4F91}.Debug|Any CPU.ActiveCfg = Debug|Any CPU
		{BFAA1406-8467-4660-9AD9-A9A74D1B4F91}.Debug|Any CPU.Build.0 = Debug|Any CPU
		{BFAA1406-8467-4660-9AD9-A9A74D1B4F91}.Release|Any CPU.ActiveCfg = Release|Any CPU
		{BFAA1406-8467-4660-9AD9-A9A74D1B4F91}.Release|Any CPU.Build.0 = Release|Any CPU
		{F77AFB65-6CF2-46E1-9445-8323AACA55A0}.Debug|Any CPU.ActiveCfg = Debug|Any CPU
		{F77AFB65-6CF2-46E1-9445-8323AACA55A0}.Debug|Any CPU.Build.0 = Debug|Any CPU
		{F77AFB65-6CF2-46E1-9445-8323AACA55A0}.Release|Any CPU.ActiveCfg = Release|Any CPU
		{F77AFB65-6CF2-46E1-9445-8323AACA55A0}.Release|Any CPU.Build.0 = Release|Any CPU
	EndGlobalSection
	GlobalSection(NestedProjects) = preSolution
		{84630C61-3B92-48BD-871F-83ED7529407E} = {DC81934F-375E-4A67-A606-061DAF67E38B}
		{BF373D19-13E5-4CD4-A7C5-EAB79C73B305} = {DC81934F-375E-4A67-A606-061DAF67E38B}
		{9B09772B-E689-4751-9EF8-2533646FDEC0} = {DC81934F-375E-4A67-A606-061DAF67E38B}
		{2D82055B-B0C2-4AB2-905C-0C19CA0C38AC} = {DC81934F-375E-4A67-A606-061DAF67E38B}
		{F58209DC-DC51-4321-A509-CD650322AE3B} = {DC81934F-375E-4A67-A606-061DAF67E38B}
		{75DA5C6C-BC0A-4F94-B35B-48750834A4E1} = {DC81934F-375E-4A67-A606-061DAF67E38B}
		{4FA02EE0-6EAE-4965-983D-C4A4C8D8BCF4} = {DC81934F-375E-4A67-A606-061DAF67E38B}
		{61435212-5796-4F0F-8C0B-39A4BC9CA7BB} = {DC81934F-375E-4A67-A606-061DAF67E38B}
		{2AE4CD64-1B35-431D-ACE4-9CAB8B153F73} = {DC81934F-375E-4A67-A606-061DAF67E38B}
		{18CE5E03-8636-40AE-9EBC-22F330E69025} = {DC81934F-375E-4A67-A606-061DAF67E38B}
		{BFAA1406-8467-4660-9AD9-A9A74D1B4F91} = {DC81934F-375E-4A67-A606-061DAF67E38B}
		{F77AFB65-6CF2-46E1-9445-8323AACA55A0} = {DC81934F-375E-4A67-A606-061DAF67E38B}
	EndGlobalSection
EndGlobal
