
Microsoft Visual Studio Solution File, Format Version 12.00
Project("{FAE04EC0-301F-11D3-BF4B-00C04F79EFBC}") = "webApi", "webApi\webApi.csproj", "{B06CB160-E64E-4ACD-AEB0-9B7C5E274A14}"
EndProject
Project("{2150E333-8FDC-42A3-9474-1A3956D46DE8}") = "BaseLibary", "BaseLibary", "{DC81934F-375E-4A67-A606-061DAF67E38B}"
EndProject
Project("{FAE04EC0-301F-11D3-BF4B-00C04F79EFBC}") = "Cola.Authen", "..\..\..\Cola\Cola.Authen\Cola.Authen.csproj", "{AA38FAF5-0AD9-479A-8633-EC4E073A3C41}"
EndProject
Project("{FAE04EC0-301F-11D3-BF4B-00C04F79EFBC}") = "Cola.Cache", "..\..\..\Cola\Cola.Cache\Cola.Cache.csproj", "{52A66714-E482-45A0-9758-666FE69C5F38}"
EndProject
Project("{FAE04EC0-301F-11D3-BF4B-00C04F79EFBC}") = "Cola.Console", "..\..\..\Cola\Cola.Console\Cola.Console.csproj", "{6F95173C-8BAC-498A-A432-F3EF05DBCC8A}"
EndProject
Project("{FAE04EC0-301F-11D3-BF4B-00C04F79EFBC}") = "Cola.EF", "..\..\..\Cola\Cola.EF\Cola.EF.csproj", "{2C69371D-0541-4487-8AF8-E27C7E964F6A}"
EndProject
Project("{FAE04EC0-301F-11D3-BF4B-00C04F79EFBC}") = "Cola.Exception", "..\..\..\Cola\Cola.Exception\Cola.Exception.csproj", "{6CD25D08-5956-475B-9600-E8A252E75DB7}"
EndProject
Project("{FAE04EC0-301F-11D3-BF4B-00C04F79EFBC}") = "Cola.Log", "..\..\..\Cola\Cola.Log\Cola.Log.csproj", "{3EDBB4DB-EFDD-4D25-B41B-F53AD151CC56}"
EndProject
Project("{FAE04EC0-301F-11D3-BF4B-00C04F79EFBC}") = "Cola.Middlewares", "..\..\..\Cola\Cola.Middlewares\Cola.Middlewares.csproj", "{62A942C1-E552-401C-82A3-CCD4C6B9A113}"
EndProject
Project("{FAE04EC0-301F-11D3-BF4B-00C04F79EFBC}") = "Cola.Models.Core", "..\..\..\Cola\Cola.Models.Core\Cola.Models.Core.csproj", "{7AB9E92F-03D9-4F73-B28E-8D657BD27B27}"
EndProject
Project("{FAE04EC0-301F-11D3-BF4B-00C04F79EFBC}") = "Cola.NoSql", "..\..\..\Cola\Cola.NoSql\Cola.NoSql.csproj", "{FEB07234-5427-46A1-A03B-14BBEDA1D9D7}"
EndProject
Project("{FAE04EC0-301F-11D3-BF4B-00C04F79EFBC}") = "Cola.SnowFlake", "..\..\..\Cola\Cola.SnowFlake\Cola.SnowFlake.csproj", "{4CFF04BB-FE04-444C-8561-2DD0D7CCE764}"
EndProject
Project("{FAE04EC0-301F-11D3-BF4B-00C04F79EFBC}") = "Cola.Swagger", "..\..\..\Cola\Cola.Swagger\Cola.Swagger.csproj", "{AF3B57F6-8204-4720-BEDE-609371E67361}"
EndProject
Project("{FAE04EC0-301F-11D3-BF4B-00C04F79EFBC}") = "Cola.Utils", "..\..\..\Cola\Cola.Utils\Cola.Utils.csproj", "{8AA9AE21-3A83-4165-A75B-9440947100AE}"
EndProject
Project("{FAE04EC0-301F-11D3-BF4B-00C04F79EFBC}") = "Cola.WebApi", "..\..\..\Cola\Cola.WebApi\Cola.WebApi.csproj", "{C229DB52-5DC9-49DD-A2BF-EF7D2A0C5A88}"
EndProject
Global
	GlobalSection(SolutionConfigurationPlatforms) = preSolution
		Debug|Any CPU = Debug|Any CPU
		Release|Any CPU = Release|Any CPU
	EndGlobalSection
	GlobalSection(ProjectConfigurationPlatforms) = postSolution
		{B06CB160-E64E-4ACD-AEB0-9B7C5E274A14}.Debug|Any CPU.ActiveCfg = Debug|Any CPU
		{B06CB160-E64E-4ACD-AEB0-9B7C5E274A14}.Debug|Any CPU.Build.0 = Debug|Any CPU
		{B06CB160-E64E-4ACD-AEB0-9B7C5E274A14}.Release|Any CPU.ActiveCfg = Release|Any CPU
		{B06CB160-E64E-4ACD-AEB0-9B7C5E274A14}.Release|Any CPU.Build.0 = Release|Any CPU
		{AA38FAF5-0AD9-479A-8633-EC4E073A3C41}.Debug|Any CPU.ActiveCfg = Debug|Any CPU
		{AA38FAF5-0AD9-479A-8633-EC4E073A3C41}.Debug|Any CPU.Build.0 = Debug|Any CPU
		{AA38FAF5-0AD9-479A-8633-EC4E073A3C41}.Release|Any CPU.ActiveCfg = Release|Any CPU
		{AA38FAF5-0AD9-479A-8633-EC4E073A3C41}.Release|Any CPU.Build.0 = Release|Any CPU
		{52A66714-E482-45A0-9758-666FE69C5F38}.Debug|Any CPU.ActiveCfg = Debug|Any CPU
		{52A66714-E482-45A0-9758-666FE69C5F38}.Debug|Any CPU.Build.0 = Debug|Any CPU
		{52A66714-E482-45A0-9758-666FE69C5F38}.Release|Any CPU.ActiveCfg = Release|Any CPU
		{52A66714-E482-45A0-9758-666FE69C5F38}.Release|Any CPU.Build.0 = Release|Any CPU
		{6F95173C-8BAC-498A-A432-F3EF05DBCC8A}.Debug|Any CPU.ActiveCfg = Debug|Any CPU
		{6F95173C-8BAC-498A-A432-F3EF05DBCC8A}.Debug|Any CPU.Build.0 = Debug|Any CPU
		{6F95173C-8BAC-498A-A432-F3EF05DBCC8A}.Release|Any CPU.ActiveCfg = Release|Any CPU
		{6F95173C-8BAC-498A-A432-F3EF05DBCC8A}.Release|Any CPU.Build.0 = Release|Any CPU
		{2C69371D-0541-4487-8AF8-E27C7E964F6A}.Debug|Any CPU.ActiveCfg = Debug|Any CPU
		{2C69371D-0541-4487-8AF8-E27C7E964F6A}.Debug|Any CPU.Build.0 = Debug|Any CPU
		{2C69371D-0541-4487-8AF8-E27C7E964F6A}.Release|Any CPU.ActiveCfg = Release|Any CPU
		{2C69371D-0541-4487-8AF8-E27C7E964F6A}.Release|Any CPU.Build.0 = Release|Any CPU
		{6CD25D08-5956-475B-9600-E8A252E75DB7}.Debug|Any CPU.ActiveCfg = Debug|Any CPU
		{6CD25D08-5956-475B-9600-E8A252E75DB7}.Debug|Any CPU.Build.0 = Debug|Any CPU
		{6CD25D08-5956-475B-9600-E8A252E75DB7}.Release|Any CPU.ActiveCfg = Release|Any CPU
		{6CD25D08-5956-475B-9600-E8A252E75DB7}.Release|Any CPU.Build.0 = Release|Any CPU
		{3EDBB4DB-EFDD-4D25-B41B-F53AD151CC56}.Debug|Any CPU.ActiveCfg = Debug|Any CPU
		{3EDBB4DB-EFDD-4D25-B41B-F53AD151CC56}.Debug|Any CPU.Build.0 = Debug|Any CPU
		{3EDBB4DB-EFDD-4D25-B41B-F53AD151CC56}.Release|Any CPU.ActiveCfg = Release|Any CPU
		{3EDBB4DB-EFDD-4D25-B41B-F53AD151CC56}.Release|Any CPU.Build.0 = Release|Any CPU
		{62A942C1-E552-401C-82A3-CCD4C6B9A113}.Debug|Any CPU.ActiveCfg = Debug|Any CPU
		{62A942C1-E552-401C-82A3-CCD4C6B9A113}.Debug|Any CPU.Build.0 = Debug|Any CPU
		{62A942C1-E552-401C-82A3-CCD4C6B9A113}.Release|Any CPU.ActiveCfg = Release|Any CPU
		{62A942C1-E552-401C-82A3-CCD4C6B9A113}.Release|Any CPU.Build.0 = Release|Any CPU
		{7AB9E92F-03D9-4F73-B28E-8D657BD27B27}.Debug|Any CPU.ActiveCfg = Debug|Any CPU
		{7AB9E92F-03D9-4F73-B28E-8D657BD27B27}.Debug|Any CPU.Build.0 = Debug|Any CPU
		{7AB9E92F-03D9-4F73-B28E-8D657BD27B27}.Release|Any CPU.ActiveCfg = Release|Any CPU
		{7AB9E92F-03D9-4F73-B28E-8D657BD27B27}.Release|Any CPU.Build.0 = Release|Any CPU
		{FEB07234-5427-46A1-A03B-14BBEDA1D9D7}.Debug|Any CPU.ActiveCfg = Debug|Any CPU
		{FEB07234-5427-46A1-A03B-14BBEDA1D9D7}.Debug|Any CPU.Build.0 = Debug|Any CPU
		{FEB07234-5427-46A1-A03B-14BBEDA1D9D7}.Release|Any CPU.ActiveCfg = Release|Any CPU
		{FEB07234-5427-46A1-A03B-14BBEDA1D9D7}.Release|Any CPU.Build.0 = Release|Any CPU
		{4CFF04BB-FE04-444C-8561-2DD0D7CCE764}.Debug|Any CPU.ActiveCfg = Debug|Any CPU
		{4CFF04BB-FE04-444C-8561-2DD0D7CCE764}.Debug|Any CPU.Build.0 = Debug|Any CPU
		{4CFF04BB-FE04-444C-8561-2DD0D7CCE764}.Release|Any CPU.ActiveCfg = Release|Any CPU
		{4CFF04BB-FE04-444C-8561-2DD0D7CCE764}.Release|Any CPU.Build.0 = Release|Any CPU
		{AF3B57F6-8204-4720-BEDE-609371E67361}.Debug|Any CPU.ActiveCfg = Debug|Any CPU
		{AF3B57F6-8204-4720-BEDE-609371E67361}.Debug|Any CPU.Build.0 = Debug|Any CPU
		{AF3B57F6-8204-4720-BEDE-609371E67361}.Release|Any CPU.ActiveCfg = Release|Any CPU
		{AF3B57F6-8204-4720-BEDE-609371E67361}.Release|Any CPU.Build.0 = Release|Any CPU
		{8AA9AE21-3A83-4165-A75B-9440947100AE}.Debug|Any CPU.ActiveCfg = Debug|Any CPU
		{8AA9AE21-3A83-4165-A75B-9440947100AE}.Debug|Any CPU.Build.0 = Debug|Any CPU
		{8AA9AE21-3A83-4165-A75B-9440947100AE}.Release|Any CPU.ActiveCfg = Release|Any CPU
		{8AA9AE21-3A83-4165-A75B-9440947100AE}.Release|Any CPU.Build.0 = Release|Any CPU
		{C229DB52-5DC9-49DD-A2BF-EF7D2A0C5A88}.Debug|Any CPU.ActiveCfg = Debug|Any CPU
		{C229DB52-5DC9-49DD-A2BF-EF7D2A0C5A88}.Debug|Any CPU.Build.0 = Debug|Any CPU
		{C229DB52-5DC9-49DD-A2BF-EF7D2A0C5A88}.Release|Any CPU.ActiveCfg = Release|Any CPU
		{C229DB52-5DC9-49DD-A2BF-EF7D2A0C5A88}.Release|Any CPU.Build.0 = Release|Any CPU
	EndGlobalSection
	GlobalSection(NestedProjects) = preSolution
		{AA38FAF5-0AD9-479A-8633-EC4E073A3C41} = {DC81934F-375E-4A67-A606-061DAF67E38B}
		{52A66714-E482-45A0-9758-666FE69C5F38} = {DC81934F-375E-4A67-A606-061DAF67E38B}
		{6F95173C-8BAC-498A-A432-F3EF05DBCC8A} = {DC81934F-375E-4A67-A606-061DAF67E38B}
		{2C69371D-0541-4487-8AF8-E27C7E964F6A} = {DC81934F-375E-4A67-A606-061DAF67E38B}
		{6CD25D08-5956-475B-9600-E8A252E75DB7} = {DC81934F-375E-4A67-A606-061DAF67E38B}
		{3EDBB4DB-EFDD-4D25-B41B-F53AD151CC56} = {DC81934F-375E-4A67-A606-061DAF67E38B}
		{62A942C1-E552-401C-82A3-CCD4C6B9A113} = {DC81934F-375E-4A67-A606-061DAF67E38B}
		{7AB9E92F-03D9-4F73-B28E-8D657BD27B27} = {DC81934F-375E-4A67-A606-061DAF67E38B}
		{FEB07234-5427-46A1-A03B-14BBEDA1D9D7} = {DC81934F-375E-4A67-A606-061DAF67E38B}
		{4CFF04BB-FE04-444C-8561-2DD0D7CCE764} = {DC81934F-375E-4A67-A606-061DAF67E38B}
		{AF3B57F6-8204-4720-BEDE-609371E67361} = {DC81934F-375E-4A67-A606-061DAF67E38B}
		{8AA9AE21-3A83-4165-A75B-9440947100AE} = {DC81934F-375E-4A67-A606-061DAF67E38B}
		{C229DB52-5DC9-49DD-A2BF-EF7D2A0C5A88} = {DC81934F-375E-4A67-A606-061DAF67E38B}
	EndGlobalSection
EndGlobal
