
Microsoft Visual Studio Solution File, Format Version 12.00
Project("{FAE04EC0-301F-11D3-BF4B-00C04F79EFBC}") = "webApi", "webApi\webApi.csproj", "{B06CB160-E64E-4ACD-AEB0-9B7C5E274A14}"
EndProject
Project("{2150E333-8FDC-42A3-9474-1A3956D46DE8}") = "BaseLibary", "BaseLibary", "{DC81934F-375E-4A67-A606-061DAF67E38B}"
EndProject
Project("{FAE04EC0-301F-11D3-BF4B-00C04F79EFBC}") = "Cola.Cache", "..\..\..\..\Cola\Cola.Cache\Cola.Cache.csproj", "{2443E1FE-0219-4EA5-8E2A-B64C6C176B75}"
EndProject
Project("{FAE04EC0-301F-11D3-BF4B-00C04F79EFBC}") = "Cola.Console", "..\..\..\..\Cola\Cola.Console\Cola.Console.csproj", "{E05B8BCE-E6A7-4459-9C7E-5FEB38097CDB}"
EndProject
Project("{FAE04EC0-301F-11D3-BF4B-00C04F79EFBC}") = "Cola.EF", "..\..\..\..\Cola\Cola.EF\Cola.EF.csproj", "{FEFB8FE1-2AB1-423F-BF1F-F858C5D9BD01}"
EndProject
Project("{FAE04EC0-301F-11D3-BF4B-00C04F79EFBC}") = "Cola.Exception", "..\..\..\..\Cola\Cola.Exception\Cola.Exception.csproj", "{81A909CC-BCD4-4E07-8195-374A24D52788}"
EndProject
Project("{FAE04EC0-301F-11D3-BF4B-00C04F79EFBC}") = "Cola.Middlewares", "..\..\..\..\Cola\Cola.Middlewares\Cola.Middlewares.csproj", "{0B96F896-6C05-459C-A5EA-1C9D2FFAF1B9}"
EndProject
Project("{FAE04EC0-301F-11D3-BF4B-00C04F79EFBC}") = "Cola.Models.Core", "..\..\..\..\Cola\Cola.Models.Core\Cola.Models.Core.csproj", "{C117110F-4C34-45E0-96A4-253577655987}"
EndProject
Project("{FAE04EC0-301F-11D3-BF4B-00C04F79EFBC}") = "Cola.NoSql", "..\..\..\..\Cola\Cola.NoSql\Cola.NoSql.csproj", "{CF41B6F9-C2C0-4000-9E44-3C1979B8DEF1}"
EndProject
Project("{FAE04EC0-301F-11D3-BF4B-00C04F79EFBC}") = "Cola.SnowFlake", "..\..\..\..\Cola\Cola.SnowFlake\Cola.SnowFlake.csproj", "{13E23B7C-7E4C-49E9-8C11-0B7E0E7DC887}"
EndProject
Project("{FAE04EC0-301F-11D3-BF4B-00C04F79EFBC}") = "Cola.Swagger", "..\..\..\..\Cola\Cola.Swagger\Cola.Swagger.csproj", "{592F9243-AB7B-4FBC-B45E-4B0B87223445}"
EndProject
Project("{FAE04EC0-301F-11D3-BF4B-00C04F79EFBC}") = "Cola.Utils", "..\..\..\..\Cola\Cola.Utils\Cola.Utils.csproj", "{CD33946A-4D37-4191-A81C-C09C1B7BC7E1}"
EndProject
Project("{FAE04EC0-301F-11D3-BF4B-00C04F79EFBC}") = "Cola.WebApi", "..\..\..\..\Cola\Cola.WebApi\Cola.WebApi.csproj", "{E80E9C10-D3B0-4A86-A6B6-D9840D56E3E7}"
EndProject
Project("{FAE04EC0-301F-11D3-BF4B-00C04F79EFBC}") = "Cola.Log", "..\..\..\..\Cola\Cola.Log\Cola.Log.csproj", "{1733B849-4B94-481A-83AF-08487C1C7ACF}"
EndProject
Project("{FAE04EC0-301F-11D3-BF4B-00C04F79EFBC}") = "Cola.Authen", "..\..\..\..\Cola\Cola.Authen\Cola.Authen.csproj", "{CE1779A6-EE1E-404F-B7E6-EF5897CF9ADB}"
EndProject
Global
	GlobalSection(SolutionConfigurationPlatforms) = preSolution
		Debug|Any CPU = Debug|Any CPU
		Release|Any CPU = Release|Any CPU
	EndGlobalSection
	GlobalSection(ProjectConfigurationPlatforms) = postSolution
		{B06CB160-E64E-4ACD-AEB0-9B7C5E274A14}.Debug|Any CPU.ActiveCfg = Debug|Any CPU
		{B06CB160-E64E-4ACD-AEB0-9B7C5E274A14}.Debug|Any CPU.Build.0 = Debug|Any CPU
		{B06CB160-E64E-4ACD-AEB0-9B7C5E274A14}.Release|Any CPU.ActiveCfg = Release|Any CPU
		{B06CB160-E64E-4ACD-AEB0-9B7C5E274A14}.Release|Any CPU.Build.0 = Release|Any CPU
		{2443E1FE-0219-4EA5-8E2A-B64C6C176B75}.Debug|Any CPU.ActiveCfg = Debug|Any CPU
		{2443E1FE-0219-4EA5-8E2A-B64C6C176B75}.Debug|Any CPU.Build.0 = Debug|Any CPU
		{2443E1FE-0219-4EA5-8E2A-B64C6C176B75}.Release|Any CPU.ActiveCfg = Release|Any CPU
		{2443E1FE-0219-4EA5-8E2A-B64C6C176B75}.Release|Any CPU.Build.0 = Release|Any CPU
		{E05B8BCE-E6A7-4459-9C7E-5FEB38097CDB}.Debug|Any CPU.ActiveCfg = Debug|Any CPU
		{E05B8BCE-E6A7-4459-9C7E-5FEB38097CDB}.Debug|Any CPU.Build.0 = Debug|Any CPU
		{E05B8BCE-E6A7-4459-9C7E-5FEB38097CDB}.Release|Any CPU.ActiveCfg = Release|Any CPU
		{E05B8BCE-E6A7-4459-9C7E-5FEB38097CDB}.Release|Any CPU.Build.0 = Release|Any CPU
		{FEFB8FE1-2AB1-423F-BF1F-F858C5D9BD01}.Debug|Any CPU.ActiveCfg = Debug|Any CPU
		{FEFB8FE1-2AB1-423F-BF1F-F858C5D9BD01}.Debug|Any CPU.Build.0 = Debug|Any CPU
		{FEFB8FE1-2AB1-423F-BF1F-F858C5D9BD01}.Release|Any CPU.ActiveCfg = Release|Any CPU
		{FEFB8FE1-2AB1-423F-BF1F-F858C5D9BD01}.Release|Any CPU.Build.0 = Release|Any CPU
		{81A909CC-BCD4-4E07-8195-374A24D52788}.Debug|Any CPU.ActiveCfg = Debug|Any CPU
		{81A909CC-BCD4-4E07-8195-374A24D52788}.Debug|Any CPU.Build.0 = Debug|Any CPU
		{81A909CC-BCD4-4E07-8195-374A24D52788}.Release|Any CPU.ActiveCfg = Release|Any CPU
		{81A909CC-BCD4-4E07-8195-374A24D52788}.Release|Any CPU.Build.0 = Release|Any CPU
		{0B96F896-6C05-459C-A5EA-1C9D2FFAF1B9}.Debug|Any CPU.ActiveCfg = Debug|Any CPU
		{0B96F896-6C05-459C-A5EA-1C9D2FFAF1B9}.Debug|Any CPU.Build.0 = Debug|Any CPU
		{0B96F896-6C05-459C-A5EA-1C9D2FFAF1B9}.Release|Any CPU.ActiveCfg = Release|Any CPU
		{0B96F896-6C05-459C-A5EA-1C9D2FFAF1B9}.Release|Any CPU.Build.0 = Release|Any CPU
		{C117110F-4C34-45E0-96A4-253577655987}.Debug|Any CPU.ActiveCfg = Debug|Any CPU
		{C117110F-4C34-45E0-96A4-253577655987}.Debug|Any CPU.Build.0 = Debug|Any CPU
		{C117110F-4C34-45E0-96A4-253577655987}.Release|Any CPU.ActiveCfg = Release|Any CPU
		{C117110F-4C34-45E0-96A4-253577655987}.Release|Any CPU.Build.0 = Release|Any CPU
		{CF41B6F9-C2C0-4000-9E44-3C1979B8DEF1}.Debug|Any CPU.ActiveCfg = Debug|Any CPU
		{CF41B6F9-C2C0-4000-9E44-3C1979B8DEF1}.Debug|Any CPU.Build.0 = Debug|Any CPU
		{CF41B6F9-C2C0-4000-9E44-3C1979B8DEF1}.Release|Any CPU.ActiveCfg = Release|Any CPU
		{CF41B6F9-C2C0-4000-9E44-3C1979B8DEF1}.Release|Any CPU.Build.0 = Release|Any CPU
		{13E23B7C-7E4C-49E9-8C11-0B7E0E7DC887}.Debug|Any CPU.ActiveCfg = Debug|Any CPU
		{13E23B7C-7E4C-49E9-8C11-0B7E0E7DC887}.Debug|Any CPU.Build.0 = Debug|Any CPU
		{13E23B7C-7E4C-49E9-8C11-0B7E0E7DC887}.Release|Any CPU.ActiveCfg = Release|Any CPU
		{13E23B7C-7E4C-49E9-8C11-0B7E0E7DC887}.Release|Any CPU.Build.0 = Release|Any CPU
		{592F9243-AB7B-4FBC-B45E-4B0B87223445}.Debug|Any CPU.ActiveCfg = Debug|Any CPU
		{592F9243-AB7B-4FBC-B45E-4B0B87223445}.Debug|Any CPU.Build.0 = Debug|Any CPU
		{592F9243-AB7B-4FBC-B45E-4B0B87223445}.Release|Any CPU.ActiveCfg = Release|Any CPU
		{592F9243-AB7B-4FBC-B45E-4B0B87223445}.Release|Any CPU.Build.0 = Release|Any CPU
		{CD33946A-4D37-4191-A81C-C09C1B7BC7E1}.Debug|Any CPU.ActiveCfg = Debug|Any CPU
		{CD33946A-4D37-4191-A81C-C09C1B7BC7E1}.Debug|Any CPU.Build.0 = Debug|Any CPU
		{CD33946A-4D37-4191-A81C-C09C1B7BC7E1}.Release|Any CPU.ActiveCfg = Release|Any CPU
		{CD33946A-4D37-4191-A81C-C09C1B7BC7E1}.Release|Any CPU.Build.0 = Release|Any CPU
		{E80E9C10-D3B0-4A86-A6B6-D9840D56E3E7}.Debug|Any CPU.ActiveCfg = Debug|Any CPU
		{E80E9C10-D3B0-4A86-A6B6-D9840D56E3E7}.Debug|Any CPU.Build.0 = Debug|Any CPU
		{E80E9C10-D3B0-4A86-A6B6-D9840D56E3E7}.Release|Any CPU.ActiveCfg = Release|Any CPU
		{E80E9C10-D3B0-4A86-A6B6-D9840D56E3E7}.Release|Any CPU.Build.0 = Release|Any CPU
		{1733B849-4B94-481A-83AF-08487C1C7ACF}.Debug|Any CPU.ActiveCfg = Debug|Any CPU
		{1733B849-4B94-481A-83AF-08487C1C7ACF}.Debug|Any CPU.Build.0 = Debug|Any CPU
		{1733B849-4B94-481A-83AF-08487C1C7ACF}.Release|Any CPU.ActiveCfg = Release|Any CPU
		{1733B849-4B94-481A-83AF-08487C1C7ACF}.Release|Any CPU.Build.0 = Release|Any CPU
		{CE1779A6-EE1E-404F-B7E6-EF5897CF9ADB}.Debug|Any CPU.ActiveCfg = Debug|Any CPU
		{CE1779A6-EE1E-404F-B7E6-EF5897CF9ADB}.Debug|Any CPU.Build.0 = Debug|Any CPU
		{CE1779A6-EE1E-404F-B7E6-EF5897CF9ADB}.Release|Any CPU.ActiveCfg = Release|Any CPU
		{CE1779A6-EE1E-404F-B7E6-EF5897CF9ADB}.Release|Any CPU.Build.0 = Release|Any CPU
	EndGlobalSection
	GlobalSection(NestedProjects) = preSolution
		{2443E1FE-0219-4EA5-8E2A-B64C6C176B75} = {DC81934F-375E-4A67-A606-061DAF67E38B}
		{E05B8BCE-E6A7-4459-9C7E-5FEB38097CDB} = {DC81934F-375E-4A67-A606-061DAF67E38B}
		{FEFB8FE1-2AB1-423F-BF1F-F858C5D9BD01} = {DC81934F-375E-4A67-A606-061DAF67E38B}
		{81A909CC-BCD4-4E07-8195-374A24D52788} = {DC81934F-375E-4A67-A606-061DAF67E38B}
		{0B96F896-6C05-459C-A5EA-1C9D2FFAF1B9} = {DC81934F-375E-4A67-A606-061DAF67E38B}
		{C117110F-4C34-45E0-96A4-253577655987} = {DC81934F-375E-4A67-A606-061DAF67E38B}
		{CF41B6F9-C2C0-4000-9E44-3C1979B8DEF1} = {DC81934F-375E-4A67-A606-061DAF67E38B}
		{13E23B7C-7E4C-49E9-8C11-0B7E0E7DC887} = {DC81934F-375E-4A67-A606-061DAF67E38B}
		{592F9243-AB7B-4FBC-B45E-4B0B87223445} = {DC81934F-375E-4A67-A606-061DAF67E38B}
		{CD33946A-4D37-4191-A81C-C09C1B7BC7E1} = {DC81934F-375E-4A67-A606-061DAF67E38B}
		{E80E9C10-D3B0-4A86-A6B6-D9840D56E3E7} = {DC81934F-375E-4A67-A606-061DAF67E38B}
		{1733B849-4B94-481A-83AF-08487C1C7ACF} = {DC81934F-375E-4A67-A606-061DAF67E38B}
		{CE1779A6-EE1E-404F-B7E6-EF5897CF9ADB} = {DC81934F-375E-4A67-A606-061DAF67E38B}
	EndGlobalSection
EndGlobal
